
Microsoft Visual Studio Solution File, Format Version 12.00
# Visual Studio Version 17
VisualStudioVersion = 17.13.35931.197 d17.13
MinimumVisualStudioVersion = 10.0.40219.1
Project("{FAE04EC0-301F-11D3-BF4B-00C04F79EFBC}") = "Email", "Email.csproj", "{70156A9F-20F6-495F-ABA1-41D4F6B04DCA}"
EndProject
Global
	GlobalSection(SolutionConfigurationPlatforms) = preSolution
		Debug|Any CPU = Debug|Any CPU
		Release|Any CPU = Release|Any CPU
	EndGlobalSection
	GlobalSection(ProjectConfigurationPlatforms) = postSolution
		{70156A9F-20F6-495F-ABA1-41D4F6B04DCA}.Debug|Any CPU.ActiveCfg = Debug|Any CPU
		{70156A9F-20F6-495F-ABA1-41D4F6B04DCA}.Debug|Any CPU.Build.0 = Debug|Any CPU
		{70156A9F-20F6-495F-ABA1-41D4F6B04DCA}.Release|Any CPU.ActiveCfg = Release|Any CPU
		{70156A9F-20F6-495F-ABA1-41D4F6B04DCA}.Release|Any CPU.Build.0 = Release|Any CPU
	EndGlobalSection
	GlobalSection(SolutionProperties) = preSolution
		HideSolutionNode = FALSE
	EndGlobalSection
	GlobalSection(ExtensibilityGlobals) = postSolution
		SolutionGuid = {A1030A42-20DE-4D25-8FBB-B1B9EBE82326}
	EndGlobalSection
EndGlobal
